// !$*UTF8*$!
{
	archiveVersion = 1;
	classes = {
	};
	objectVersion = 77;
	objects = {

/* Begin PBXFileReference section */
		ABCDEF0123456789ABCDEF03 /* FreePDF.app */ = {isa = PBXFileReference; explicitFileType = wrapper.application; includeInIndex = 0; path = FreePDF.app; sourceTree = BUILT_PRODUCTS_DIR; };
/* End PBXFileReference section */

/* Begin PBXFileSystemSynchronizedRootGroup section */
		ABCDEF0123456789ABCDEF06 /* FreePDF */ = {
			isa = PBXFileSystemSynchronizedRootGroup;
			path = FreePDF;
			sourceTree = "<group>";
		};
/* End PBXFileSystemSynchronizedRootGroup section */

/* Begin PBXFrameworksBuildPhase section */
		ABCDEF0123456789ABCDEF08 /* Frameworks */ = {
			isa = PBXFrameworksBuildPhase;
			buildActionMask = 2147483647;
			files = (
			);
			runOnlyForDeploymentPostprocessing = 0;
		};
/* End PBXFrameworksBuildPhase section */

/* Begin PBXGroup section */
		ABCDEF0123456789ABCDEF04 = {
			isa = PBXGroup;
			children = (
				ABCDEF0123456789ABCDEF06 /* FreePDF */,
				ABCDEF0123456789ABCDEF05 /* Products */,
			);
			sourceTree = "<group>";
		};
		ABCDEF0123456789ABCDEF05 /* Products */ = {
			isa = PBXGroup;
			children = (
				ABCDEF0123456789ABCDEF03 /* FreePDF.app */,
			);
			name = Products;
			sourceTree = "<group>";
		};
/* End PBXGroup section */

/* Begin PBXNativeTarget section */
		ABCDEF0123456789ABCDEF02 /* FreePDF */ = {
			isa = PBXNativeTarget;
			buildConfigurationList = ABCDEF0123456789ABCDEF0B /* Build configuration list for PBXNativeTarget "FreePDF" */;
			buildPhases = (
				ABCDEF0123456789ABCDEF07 /* Sources */,
				ABCDEF0123456789ABCDEF08 /* Frameworks */,
				ABCDEF0123456789ABCDEF09 /* Resources */,
			);
			buildRules = (
			);
			dependencies = (
			);
			fileSystemSynchronizedGroups = (
				ABCDEF0123456789ABCDEF06 /* FreePDF */,
			);
			name = FreePDF;
			productName = FreePDF;
			productReference = ABCDEF0123456789ABCDEF03 /* FreePDF.app */;
			productType = "com.apple.product-type.application";
		};
/* End PBXNativeTarget section */

/* Begin PBXProject section */
		ABCDEF0123456789ABCDEF01 /* Project object */ = {
			isa = PBXProject;
			attributes = {
				BuildIndependentTargetsInParallel = 1;
				LastSwiftUpdateCheck = 2620;
				LastUpgradeCheck = 2620;
				TargetAttributes = {
					ABCDEF0123456789ABCDEF02 = {
						CreatedOnToolsVersion = 26.2;
					};
				};
			};
			buildConfigurationList = ABCDEF0123456789ABCDEF0A /* Build configuration list for PBXProject "FreePDF" */;
			developmentRegion = en;
			hasScannedForEncodings = 0;
			knownRegions = (
				en,
				Base,
			);
			mainGroup = ABCDEF0123456789ABCDEF04;
			minimizedProjectReferenceProxies = 1;
			preferredProjectObjectVersion = 77;
			productRefGroup = ABCDEF0123456789ABCDEF05 /* Products */;
			projectDirPath = "";
			projectRoot = "";
			targets = (
				ABCDEF0123456789ABCDEF02 /* FreePDF */,
			);
		};
/* End PBXProject section */

/* Begin PBXResourcesBuildPhase section */
		ABCDEF0123456789ABCDEF09 /* Resources */ = {
			isa = PBXResourcesBuildPhase;
			buildActionMask = 2147483647;
			files = (
			);
			runOnlyForDeploymentPostprocessing = 0;
		};
/* End PBXResourcesBuildPhase section */

/* Begin PBXSourcesBuildPhase section */
		ABCDEF0123456789ABCDEF07 /* Sources */ = {
			isa = PBXSourcesBuildPhase;
			buildActionMask = 2147483647;
			files = (
			);
			runOnlyForDeploymentPostprocessing = 0;
		};
/* End PBXSourcesBuildPhase section */

/* Begin XCBuildConfiguration section */
		ABCDEF0123456789ABCDEF0C /* Debug */ = {
			isa = XCBuildConfiguration;
			buildSettings = {
				ALWAYS_SEARCH_USER_PATHS = NO;
				DEBUG_INFORMATION_FORMAT = dwarf;
				IPHONEOS_DEPLOYMENT_TARGET = 18.0;
				ONLY_ACTIVE_ARCH = YES;
				SDKROOT = iphoneos;
				SWIFT_OPTIMIZATION_LEVEL = "-Onone";
				SWIFT_TREAT_WARNINGS_AS_ERRORS = YES;
			};
			name = Debug;
		};
		ABCDEF0123456789ABCDEF0D /* Release */ = {
			isa = XCBuildConfiguration;
			buildSettings = {
				ALWAYS_SEARCH_USER_PATHS = NO;
				DEBUG_INFORMATION_FORMAT = "dwarf-with-dsym";
				ENABLE_NS_ASSERTIONS = NO;
				IPHONEOS_DEPLOYMENT_TARGET = 18.0;
				SDKROOT = iphoneos;
				SWIFT_COMPILATION_MODE = wholemodule;
				SWIFT_TREAT_WARNINGS_AS_ERRORS = YES;
				VALIDATE_PRODUCT = YES;
			};
			name = Release;
		};
		ABCDEF0123456789ABCDEF0E /* Debug */ = {
			isa = XCBuildConfiguration;
			buildSettings = {
				ASSETCATALOG_COMPILER_APPICON_NAME = AppIcon;
				CODE_SIGN_STYLE = Automatic;
				CURRENT_PROJECT_VERSION = 1;
				DEVELOPMENT_TEAM = 95P3T49K6R;
				GENERATE_INFOPLIST_FILE = YES;
				INFOPLIST_KEY_CFBundleDisplayName = FreePDF;
				INFOPLIST_KEY_NSCameraUsageDescription = "FreePDF uses the camera to photograph the pages of your document.";
				INFOPLIST_KEY_UIApplicationSceneManifest_Generation = YES;
				INFOPLIST_KEY_UILaunchScreen_Generation = YES;
				INFOPLIST_KEY_UISupportedInterfaceOrientations = UIInterfaceOrientationPortrait;
				"LIBRARY_SEARCH_PATHS[sdk=iphoneos*]" = "$(SRCROOT)/../target/aarch64-apple-ios/release";
				"LIBRARY_SEARCH_PATHS[sdk=iphonesimulator*]" = "$(SRCROOT)/../target/aarch64-apple-ios-sim/release";
				MARKETING_VERSION = 1.0;
				OTHER_LDFLAGS = "-lfreepdf";
				PRODUCT_BUNDLE_IDENTIFIER = com.julianhahn.freepdf;
				PRODUCT_NAME = "$(TARGET_NAME)";
				SWIFT_OBJC_BRIDGING_HEADER = "$(SRCROOT)/../ffi/include/freepdf.h";
				SWIFT_VERSION = 6.0;
				TARGETED_DEVICE_FAMILY = 1;
			};
			name = Debug;
		};
		ABCDEF0123456789ABCDEF0F /* Release */ = {
			isa = XCBuildConfiguration;
			buildSettings = {
				ASSETCATALOG_COMPILER_APPICON_NAME = AppIcon;
				CODE_SIGN_STYLE = Automatic;
				CURRENT_PROJECT_VERSION = 1;
				DEVELOPMENT_TEAM = 95P3T49K6R;
				GENERATE_INFOPLIST_FILE = YES;
				INFOPLIST_KEY_CFBundleDisplayName = FreePDF;
				INFOPLIST_KEY_NSCameraUsageDescription = "FreePDF uses the camera to photograph the pages of your document.";
				INFOPLIST_KEY_UIApplicationSceneManifest_Generation = YES;
				INFOPLIST_KEY_UILaunchScreen_Generation = YES;
				INFOPLIST_KEY_UISupportedInterfaceOrientations = UIInterfaceOrientationPortrait;
				"LIBRARY_SEARCH_PATHS[sdk=iphoneos*]" = "$(SRCROOT)/../target/aarch64-apple-ios/release";
				"LIBRARY_SEARCH_PATHS[sdk=iphonesimulator*]" = "$(SRCROOT)/../target/aarch64-apple-ios-sim/release";
				MARKETING_VERSION = 1.0;
				OTHER_LDFLAGS = "-lfreepdf";
				PRODUCT_BUNDLE_IDENTIFIER = com.julianhahn.freepdf;
				PRODUCT_NAME = "$(TARGET_NAME)";
				SWIFT_OBJC_BRIDGING_HEADER = "$(SRCROOT)/../ffi/include/freepdf.h";
				SWIFT_VERSION = 6.0;
				TARGETED_DEVICE_FAMILY = 1;
			};
			name = Release;
		};
/* End XCBuildConfiguration section */

/* Begin XCConfigurationList section */
		ABCDEF0123456789ABCDEF0A /* Build configuration list for PBXProject "FreePDF" */ = {
			isa = XCConfigurationList;
			buildConfigurations = (
				ABCDEF0123456789ABCDEF0C /* Debug */,
				ABCDEF0123456789ABCDEF0D /* Release */,
			);
			defaultConfigurationIsVisible = 0;
			defaultConfigurationName = Release;
		};
		ABCDEF0123456789ABCDEF0B /* Build configuration list for PBXNativeTarget "FreePDF" */ = {
			isa = XCConfigurationList;
			buildConfigurations = (
				ABCDEF0123456789ABCDEF0E /* Debug */,
				ABCDEF0123456789ABCDEF0F /* Release */,
			);
			defaultConfigurationIsVisible = 0;
			defaultConfigurationName = Release;
		};
/* End XCConfigurationList section */
	};
	rootObject = ABCDEF0123456789ABCDEF01 /* Project object */;
}
